
Microsoft Visual Studio Solution File, Format Version 12.00
# Visual Studio Version 17
VisualStudioVersion = 17.7.34221.43
MinimumVisualStudioVersion = 10.0.40219.1
Project("{FAE04EC0-301F-11D3-BF4B-00C04F79EFBC}") = "Ejercicio01", "Ejercicio01\Ejercicio01.csproj", "{BD18C76F-37FB-4C84-9925-D34B37768162}"
EndProject
Global
	GlobalSection(SolutionConfigurationPlatforms) = preSolution
		Debug|Any CPU = Debug|Any CPU
		Release|Any CPU = Release|Any CPU
	EndGlobalSection
	GlobalSection(ProjectConfigurationPlatforms) = postSolution
		{BD18C76F-37FB-4C84-9925-D34B37768162}.Debug|Any CPU.ActiveCfg = Debug|Any CPU
		{BD18C76F-37FB-4C84-9925-D34B37768162}.Debug|Any CPU.Build.0 = Debug|Any CPU
		{BD18C76F-37FB-4C84-9925-D34B37768162}.Release|Any CPU.ActiveCfg = Release|Any CPU
		{BD18C76F-37FB-4C84-9925-D34B37768162}.Release|Any CPU.Build.0 = Release|Any CPU
	EndGlobalSection
	GlobalSection(SolutionProperties) = preSolution
		HideSolutionNode = FALSE
	EndGlobalSection
	GlobalSection(ExtensibilityGlobals) = postSolution
		SolutionGuid = {0B0EA130-389C-4759-9FCE-820D81C624BA}
	EndGlobalSection
EndGlobal
