
Microsoft Visual Studio Solution File, Format Version 12.00
# Visual Studio Version 17
VisualStudioVersion = 17.5.33424.131
MinimumVisualStudioVersion = 10.0.40219.1
Project("{FAE04EC0-301F-11D3-BF4B-00C04F79EFBC}") = "Ejercicio12", "Ejercicio12\Ejercicio12.csproj", "{83669247-EAD5-45EC-9672-2CC25F028EE0}"
EndProject
Global
	GlobalSection(SolutionConfigurationPlatforms) = preSolution
		Debug|Any CPU = Debug|Any CPU
		Release|Any CPU = Release|Any CPU
	EndGlobalSection
	GlobalSection(ProjectConfigurationPlatforms) = postSolution
		{83669247-EAD5-45EC-9672-2CC25F028EE0}.Debug|Any CPU.ActiveCfg = Debug|Any CPU
		{83669247-EAD5-45EC-9672-2CC25F028EE0}.Debug|Any CPU.Build.0 = Debug|Any CPU
		{83669247-EAD5-45EC-9672-2CC25F028EE0}.Release|Any CPU.ActiveCfg = Release|Any CPU
		{83669247-EAD5-45EC-9672-2CC25F028EE0}.Release|Any CPU.Build.0 = Release|Any CPU
	EndGlobalSection
	GlobalSection(SolutionProperties) = preSolution
		HideSolutionNode = FALSE
	EndGlobalSection
	GlobalSection(ExtensibilityGlobals) = postSolution
		SolutionGuid = {9F4CB6D6-23A6-4ADC-B05C-12A7BE441E97}
	EndGlobalSection
EndGlobal
