
Microsoft Visual Studio Solution File, Format Version 12.00
# Visual Studio Version 17
VisualStudioVersion = 17.7.34221.43
MinimumVisualStudioVersion = 10.0.40219.1
Project("{FAE04EC0-301F-11D3-BF4B-00C04F79EFBC}") = "Ejercicio6", "Ejercicio6\Ejercicio6.csproj", "{A5EF9FC2-DE88-4149-AE82-6D8DB445400E}"
EndProject
Global
	GlobalSection(SolutionConfigurationPlatforms) = preSolution
		Debug|Any CPU = Debug|Any CPU
		Release|Any CPU = Release|Any CPU
	EndGlobalSection
	GlobalSection(ProjectConfigurationPlatforms) = postSolution
		{A5EF9FC2-DE88-4149-AE82-6D8DB445400E}.Debug|Any CPU.ActiveCfg = Debug|Any CPU
		{A5EF9FC2-DE88-4149-AE82-6D8DB445400E}.Debug|Any CPU.Build.0 = Debug|Any CPU
		{A5EF9FC2-DE88-4149-AE82-6D8DB445400E}.Release|Any CPU.ActiveCfg = Release|Any CPU
		{A5EF9FC2-DE88-4149-AE82-6D8DB445400E}.Release|Any CPU.Build.0 = Release|Any CPU
	EndGlobalSection
	GlobalSection(SolutionProperties) = preSolution
		HideSolutionNode = FALSE
	EndGlobalSection
	GlobalSection(ExtensibilityGlobals) = postSolution
		SolutionGuid = {EB7A762C-2FE7-4721-AA96-0F71480822D8}
	EndGlobalSection
EndGlobal
