
Microsoft Visual Studio Solution File, Format Version 12.00
# Visual Studio Version 17
VisualStudioVersion = 17.5.33424.131
MinimumVisualStudioVersion = 10.0.40219.1
Project("{FAE04EC0-301F-11D3-BF4B-00C04F79EFBC}") = "Ejercicio10", "Ejercicio10\Ejercicio10.csproj", "{B9D7F846-5696-4681-8903-B3AD65D5FD21}"
EndProject
Global
	GlobalSection(SolutionConfigurationPlatforms) = preSolution
		Debug|Any CPU = Debug|Any CPU
		Release|Any CPU = Release|Any CPU
	EndGlobalSection
	GlobalSection(ProjectConfigurationPlatforms) = postSolution
		{B9D7F846-5696-4681-8903-B3AD65D5FD21}.Debug|Any CPU.ActiveCfg = Debug|Any CPU
		{B9D7F846-5696-4681-8903-B3AD65D5FD21}.Debug|Any CPU.Build.0 = Debug|Any CPU
		{B9D7F846-5696-4681-8903-B3AD65D5FD21}.Release|Any CPU.ActiveCfg = Release|Any CPU
		{B9D7F846-5696-4681-8903-B3AD65D5FD21}.Release|Any CPU.Build.0 = Release|Any CPU
	EndGlobalSection
	GlobalSection(SolutionProperties) = preSolution
		HideSolutionNode = FALSE
	EndGlobalSection
	GlobalSection(ExtensibilityGlobals) = postSolution
		SolutionGuid = {9C27D7A4-DAEC-4ECA-86C0-19560CB608C2}
	EndGlobalSection
EndGlobal
