
Microsoft Visual Studio Solution File, Format Version 12.00
# Visual Studio Version 17
VisualStudioVersion = 17.5.33424.131
MinimumVisualStudioVersion = 10.0.40219.1
Project("{FAE04EC0-301F-11D3-BF4B-00C04F79EFBC}") = "Ex4", "Ex4.csproj", "{E7068EFB-B519-41C9-A2B4-D29BDD0B55CC}"
EndProject
Global
	GlobalSection(SolutionConfigurationPlatforms) = preSolution
		Debug|Any CPU = Debug|Any CPU
		Release|Any CPU = Release|Any CPU
	EndGlobalSection
	GlobalSection(ProjectConfigurationPlatforms) = postSolution
		{E7068EFB-B519-41C9-A2B4-D29BDD0B55CC}.Debug|Any CPU.ActiveCfg = Debug|Any CPU
		{E7068EFB-B519-41C9-A2B4-D29BDD0B55CC}.Debug|Any CPU.Build.0 = Debug|Any CPU
		{E7068EFB-B519-41C9-A2B4-D29BDD0B55CC}.Release|Any CPU.ActiveCfg = Release|Any CPU
		{E7068EFB-B519-41C9-A2B4-D29BDD0B55CC}.Release|Any CPU.Build.0 = Release|Any CPU
	EndGlobalSection
	GlobalSection(SolutionProperties) = preSolution
		HideSolutionNode = FALSE
	EndGlobalSection
	GlobalSection(ExtensibilityGlobals) = postSolution
		SolutionGuid = {A6BF31F3-A498-4C44-AB1A-8CDD1C1ADCA8}
	EndGlobalSection
EndGlobal
