
Microsoft Visual Studio Solution File, Format Version 12.00
# Visual Studio Version 17
VisualStudioVersion = 17.5.33424.131
MinimumVisualStudioVersion = 10.0.40219.1
Project("{FAE04EC0-301F-11D3-BF4B-00C04F79EFBC}") = "Exercise2", "Exercise2\Exercise2.csproj", "{C4422500-49EC-42BB-9D89-3F8D0F4E6585}"
EndProject
Global
	GlobalSection(SolutionConfigurationPlatforms) = preSolution
		Debug|Any CPU = Debug|Any CPU
		Release|Any CPU = Release|Any CPU
	EndGlobalSection
	GlobalSection(ProjectConfigurationPlatforms) = postSolution
		{C4422500-49EC-42BB-9D89-3F8D0F4E6585}.Debug|Any CPU.ActiveCfg = Debug|Any CPU
		{C4422500-49EC-42BB-9D89-3F8D0F4E6585}.Debug|Any CPU.Build.0 = Debug|Any CPU
		{C4422500-49EC-42BB-9D89-3F8D0F4E6585}.Release|Any CPU.ActiveCfg = Release|Any CPU
		{C4422500-49EC-42BB-9D89-3F8D0F4E6585}.Release|Any CPU.Build.0 = Release|Any CPU
	EndGlobalSection
	GlobalSection(SolutionProperties) = preSolution
		HideSolutionNode = FALSE
	EndGlobalSection
	GlobalSection(ExtensibilityGlobals) = postSolution
		SolutionGuid = {25450A9F-10F3-4696-AA9A-6B159F43107E}
	EndGlobalSection
EndGlobal
