
Microsoft Visual Studio Solution File, Format Version 12.00
# Visual Studio Version 17
VisualStudioVersion = 17.5.33424.131
MinimumVisualStudioVersion = 10.0.40219.1
Project("{FAE04EC0-301F-11D3-BF4B-00C04F79EFBC}") = "Ex5", "Ex5\Ex5.csproj", "{43707D19-26E0-4B74-8C6B-147EC3FDE218}"
EndProject
Global
	GlobalSection(SolutionConfigurationPlatforms) = preSolution
		Debug|Any CPU = Debug|Any CPU
		Release|Any CPU = Release|Any CPU
	EndGlobalSection
	GlobalSection(ProjectConfigurationPlatforms) = postSolution
		{43707D19-26E0-4B74-8C6B-147EC3FDE218}.Debug|Any CPU.ActiveCfg = Debug|Any CPU
		{43707D19-26E0-4B74-8C6B-147EC3FDE218}.Debug|Any CPU.Build.0 = Debug|Any CPU
		{43707D19-26E0-4B74-8C6B-147EC3FDE218}.Release|Any CPU.ActiveCfg = Release|Any CPU
		{43707D19-26E0-4B74-8C6B-147EC3FDE218}.Release|Any CPU.Build.0 = Release|Any CPU
	EndGlobalSection
	GlobalSection(SolutionProperties) = preSolution
		HideSolutionNode = FALSE
	EndGlobalSection
	GlobalSection(ExtensibilityGlobals) = postSolution
		SolutionGuid = {603C1D7B-EC07-4508-A638-35A684706621}
	EndGlobalSection
EndGlobal
