
Microsoft Visual Studio Solution File, Format Version 12.00
# Visual Studio Version 17
VisualStudioVersion = 17.3.32825.248
MinimumVisualStudioVersion = 10.0.40219.1
Project("{9A19103F-16F7-4668-BE54-9A1E7A4F7556}") = "UtilidadesArray", "UtilidadesArray\UtilidadesArray.csproj", "{E5918714-C5B1-4D68-9474-A1033510E58B}"
EndProject
Project("{9A19103F-16F7-4668-BE54-9A1E7A4F7556}") = "UtilidadesArrayTest", "UtilidadesArrayTest\UtilidadesArrayTest.csproj", "{05C09C3D-DE0A-48E3-8602-8E98C03E7025}"
EndProject
Global
	GlobalSection(SolutionConfigurationPlatforms) = preSolution
		Debug|Any CPU = Debug|Any CPU
		Release|Any CPU = Release|Any CPU
	EndGlobalSection
	GlobalSection(ProjectConfigurationPlatforms) = postSolution
		{E5918714-C5B1-4D68-9474-A1033510E58B}.Debug|Any CPU.ActiveCfg = Debug|Any CPU
		{E5918714-C5B1-4D68-9474-A1033510E58B}.Debug|Any CPU.Build.0 = Debug|Any CPU
		{E5918714-C5B1-4D68-9474-A1033510E58B}.Release|Any CPU.ActiveCfg = Release|Any CPU
		{E5918714-C5B1-4D68-9474-A1033510E58B}.Release|Any CPU.Build.0 = Release|Any CPU
		{05C09C3D-DE0A-48E3-8602-8E98C03E7025}.Debug|Any CPU.ActiveCfg = Debug|Any CPU
		{05C09C3D-DE0A-48E3-8602-8E98C03E7025}.Debug|Any CPU.Build.0 = Debug|Any CPU
		{05C09C3D-DE0A-48E3-8602-8E98C03E7025}.Release|Any CPU.ActiveCfg = Release|Any CPU
		{05C09C3D-DE0A-48E3-8602-8E98C03E7025}.Release|Any CPU.Build.0 = Release|Any CPU
	EndGlobalSection
	GlobalSection(SolutionProperties) = preSolution
		HideSolutionNode = FALSE
	EndGlobalSection
	GlobalSection(ExtensibilityGlobals) = postSolution
		SolutionGuid = {EBC4575B-1897-411F-BDA0-6C570260A55B}
	EndGlobalSection
EndGlobal
